lockfile_version: '1'
generated_at: '2026-09-27T16:58:31.199564+00:00'
dependencies: []
deployments:
- kind: project-relative
  target: claude
  value: .claude/agents/cyrus-alignment-judge.md
  runtime: null
  scope: project
  owners:
  - .
  active_owner: .
  content_hash: sha256:2cf4baeef38d359b55c9a75fe15eb8d60c71a44dabf5f8eaaba1496e865bb0d5
- kind: project-relative
  target: claude
  value: .claude/agents/cyrus-fact-checker.md
  runtime: null
  scope: project
  owners:
  - .
  active_owner: .
  content_hash: sha256:d4d0f6d273bd294335c6fdeffa5895d7ed31ce120007163fc591491adc63de6c
- kind: project-relative
  target: claude
  value: .claude/agents/cyrus-lean-writer.md
  runtime: null
  scope: project
  owners:
  - .
  active_owner: .
  content_hash: sha256:377bf46393cfed49bff23d4cde97df32e66b7580bc81ea4b49a94fa207480a18
- kind: project-relative
  target: claude
  value: .claude/agents/cyrus-logic-planner.md
  runtime: null
  scope: project
  owners:
  - .
  active_owner: .
  content_hash: sha256:bba18d25da91d8cc5350e5012b49341886987e13d38540a22ff5b7f2a538e3eb
- kind: project-relative
  target: claude
  value: .claude/agents/cyrus-logic-reviewer.md
  runtime: null
  scope: project
  owners:
  - .
  active_owner: .
  content_hash: sha256:ac8f319c272fee762f207b7dd6374655df6015f230cf793fd841bcc2adb5763f
- kind: project-relative
  target: claude
  value: .claude/agents/cyrus-persona-reader.md
  runtime: null
  scope: project
  owners:
  - .
  active_owner: .
  content_hash: sha256:78f07277bf01e9aeec29ce2677391eb802b9af1308fcd4cc2c27cef67ed921ca
- kind: project-relative
  target: claude
  value: .claude/agents/cyrus-skim-reader.md
  runtime: null
  scope: project
  owners:
  - .
  active_owner: .
  content_hash: sha256:1d3eef8f0f34052956fc0c33b3b11d4c4d86d87eddf7ff84d4e2706bdd1ddbd0
- kind: project-relative
  target: claude
  value: .claude/agents/cyrus-wording-reviewer.md
  runtime: null
  scope: project
  owners:
  - .
  active_owner: .
  content_hash: sha256:f575dd3cafa796f267082d76d6b33deec6c6df89c597b944bf24fa5ec5d97d89
- kind: project-relative
  target: claude
  value: .claude/commands/cyrus-status.md
  runtime: null
  scope: project
  owners:
  - .
  active_owner: .
  content_hash: sha256:f0cce7658bac76dfb65f8a670c6cddac7edba572f4a2e908a1bd8b5161d824dd
- kind: project-relative
  target: claude
  value: .claude/commands/cyrus.md
  runtime: null
  scope: project
  owners:
  - .
  active_owner: .
  content_hash: sha256:76d8692125100e6f56cc251927f693a0c066249342cf7a10d1d1e5777f253794
- kind: project-relative
  target: claude
  value: .claude/rules/cyrus-documents.md
  runtime: null
  scope: project
  owners:
  - .
  active_owner: .
  content_hash: sha256:1d59ecb32f396354559538e38316fad96726e2462578e4ac1dff4fa335cfc7f3
- kind: project-relative
  target: claude
  value: .claude/skills/cyrus
  runtime: null
  scope: project
  owners:
  - .
  active_owner: .
  content_hash: null
- kind: project-relative
  target: claude
  value: .claude/skills/cyrus/SKILL.md
  runtime: null
  scope: project
  owners:
  - .
  active_owner: .
  content_hash: sha256:99c5be950ece4c15999aafd344b8b8389adc5995b75cb6fac01e322eaaf5ea7d
- kind: project-relative
  target: claude
  value: .claude/skills/cyrus/data/wording-rules.json
  runtime: null
  scope: project
  owners:
  - .
  active_owner: .
  content_hash: sha256:7783d9508e7f0f28dfa97b559cd804ce78840d7b382a84b4e84d6cc98ac1f24f
- kind: project-relative
  target: claude
  value: .claude/skills/cyrus/references/japanese-style.md
  runtime: null
  scope: project
  owners:
  - .
  active_owner: .
  content_hash: sha256:0c0958422f84aa4638ec5d4f18b6d7d0610f654e82d49733492c1430741dcaeb
- kind: project-relative
  target: claude
  value: .claude/skills/cyrus/references/lean-modeling.md
  runtime: null
  scope: project
  owners:
  - .
  active_owner: .
  content_hash: sha256:974a2b18a7aded906ec27f1769a3e88571cc9ba6d2343caf4f575aa40daaac02
- kind: project-relative
  target: claude
  value: .claude/skills/cyrus/references/owner-principles.md
  runtime: null
  scope: project
  owners:
  - .
  active_owner: .
  content_hash: sha256:67b2558f04890283d7a51548c1129e3a77ef31144c515969ddad15d8345664b3
- kind: project-relative
  target: claude
  value: .claude/skills/cyrus/scripts/cyrus.py
  runtime: null
  scope: project
  owners:
  - .
  active_owner: .
  content_hash: sha256:81d0385b82a17f0b754a5ddcd43c281d3a22bcbe056970ea756a9d7e35d00025
- kind: project-relative
  target: claude
  value: .claude/skills/cyrus/scripts/cyruslib/__init__.py
  runtime: null
  scope: project
  owners:
  - .
  active_owner: .
  content_hash: sha256:cb9deaf9b915a549a45536cbf1fdd3315d0a45d18ae969d1105afeac827d31a0
- kind: project-relative
  target: claude
  value: .claude/skills/cyrus/scripts/cyruslib/cli.py
  runtime: null
  scope: project
  owners:
  - .
  active_owner: .
  content_hash: sha256:871db3247bc929f62e4f113a8a00f952a09a491190643491d314076bb87151e2
- kind: project-relative
  target: claude
  value: .claude/skills/cyrus/scripts/cyruslib/gates.py
  runtime: null
  scope: project
  owners:
  - .
  active_owner: .
  content_hash: sha256:7d1e0cd69275200ccdac057d22d16049e68ddcd60dc40aea49c7a053303db424
- kind: project-relative
  target: claude
  value: .claude/skills/cyrus/scripts/cyruslib/hooks.py
  runtime: null
  scope: project
  owners:
  - .
  active_owner: .
  content_hash: sha256:835034fad61bd05eb7ac3e1f34ab5e21ed44786e8dedc1c08849e703c3d8285c
- kind: project-relative
  target: claude
  value: .claude/skills/cyrus/scripts/cyruslib/issues.py
  runtime: null
  scope: project
  owners:
  - .
  active_owner: .
  content_hash: sha256:31964f1bb2e42f5d53501327391c4898026093f3ebb652f857169753263ba8dd
- kind: project-relative
  target: claude
  value: .claude/skills/cyrus/scripts/cyruslib/jatext.py
  runtime: null
  scope: project
  owners:
  - .
  active_owner: .
  content_hash: sha256:4f667e1c17582d64776af9255b5f37067a7c92bbf986d9bfe635f7b8ca4f51f6
- kind: project-relative
  target: claude
  value: .claude/skills/cyrus/scripts/cyruslib/leancheck.py
  runtime: null
  scope: project
  owners:
  - .
  active_owner: .
  content_hash: sha256:e90e36d0f3b303c0010dc8b3d6faf37c2fba6f76733aabb3a26d57ce93ad64c0
- kind: project-relative
  target: claude
  value: .claude/skills/cyrus/scripts/cyruslib/leansrc.py
  runtime: null
  scope: project
  owners:
  - .
  active_owner: .
  content_hash: sha256:058e9e5039f833b02f2023f36e190604c25546f9a35b1c29fd84ecf3d3597e14
- kind: project-relative
  target: claude
  value: .claude/skills/cyrus/scripts/cyruslib/lint.py
  runtime: null
  scope: project
  owners:
  - .
  active_owner: .
  content_hash: sha256:a7a578082d5ac05807a1103318738f26c0251efd6eeda5579355561f169215e2
- kind: project-relative
  target: claude
  value: .claude/skills/cyrus/scripts/cyruslib/logicround.py
  runtime: null
  scope: project
  owners:
  - .
  active_owner: .
  content_hash: sha256:ba11ef09c239f4a6702ddb8c82351b1589bbaa01c9568634073a956ff28f8b2a
- kind: project-relative
  target: claude
  value: .claude/skills/cyrus/scripts/cyruslib/mdparse.py
  runtime: null
  scope: project
  owners:
  - .
  active_owner: .
  content_hash: sha256:9f2510c035a3e0bab672a567fc703219470b45f6707277cafbbf111f305317ef
- kind: project-relative
  target: claude
  value: .claude/skills/cyrus/scripts/cyruslib/reader.py
  runtime: null
  scope: project
  owners:
  - .
  active_owner: .
  content_hash: sha256:a0e78500f98bf05d98c15c2d02332812eb31db3ba8607dbf309a26d3d3360233
- kind: project-relative
  target: claude
  value: .claude/skills/cyrus/scripts/cyruslib/scaffold.py
  runtime: null
  scope: project
  owners:
  - .
  active_owner: .
  content_hash: sha256:52155dd942a7bbb2e468d2de84d93bf3a40ab4057f9f002b949b2b35b03bfa53
- kind: project-relative
  target: claude
  value: .claude/skills/cyrus/scripts/cyruslib/skim.py
  runtime: null
  scope: project
  owners:
  - .
  active_owner: .
  content_hash: sha256:8900d931cfc691df862d9fe7b3232e07ce677d6bfe9cf8135c54e0cbf1a5824a
- kind: project-relative
  target: claude
  value: .claude/skills/cyrus/scripts/cyruslib/terms.py
  runtime: null
  scope: project
  owners:
  - .
  active_owner: .
  content_hash: sha256:dbd331c8f292579b1cc435be28d69aa613a9a50f750771c5d51ed7b1525f9d02
- kind: project-relative
  target: claude
  value: .claude/skills/cyrus/scripts/cyruslib/visionreader.py
  runtime: null
  scope: project
  owners:
  - .
  active_owner: .
  content_hash: sha256:467c1e36307f43025d42eb36b57e868f8cb31c39091ffc92cff87fb59eb5584f
- kind: project-relative
  target: claude
  value: .claude/skills/cyrus/scripts/cyruslib/visual.py
  runtime: null
  scope: project
  owners:
  - .
  active_owner: .
  content_hash: sha256:eca7442860d907b3e04211ad4f17bc65e054e71565599e54761c72ef3ce07ba4
- kind: project-relative
  target: claude
  value: .claude/skills/cyrus/scripts/cyruslib/wording.py
  runtime: null
  scope: project
  owners:
  - .
  active_owner: .
  content_hash: sha256:238004bc28a1447758b35a5c194bc62a753a723b286d3becc8f62e46740c1385
- kind: project-relative
  target: claude
  value: .claude/skills/cyrus/scripts/cyruslib/workspace.py
  runtime: null
  scope: project
  owners:
  - .
  active_owner: .
  content_hash: sha256:ea473f04dd04c28904b533de250d45620a48b4208495a437e19af5ae1e27382c
- kind: project-relative
  target: claude
  value: .claude/skills/cyrus/stages/01-intent.md
  runtime: null
  scope: project
  owners:
  - .
  active_owner: .
  content_hash: sha256:ceaac6e85b911055cf009a103c296ff8432ae8000a0ad09f55562e11ba2b9675
- kind: project-relative
  target: claude
  value: .claude/skills/cyrus/stages/02-context.md
  runtime: null
  scope: project
  owners:
  - .
  active_owner: .
  content_hash: sha256:8ded718107da464bd7c5ea22d75dc028f550f7f8f5cfd5fe26782b957f5b6462
- kind: project-relative
  target: claude
  value: .claude/skills/cyrus/stages/03-reader.md
  runtime: null
  scope: project
  owners:
  - .
  active_owner: .
  content_hash: sha256:75971b29e7577d44f2c560fd6bbc6d9d7b8cea764d7792380da477e2e7051277
- kind: project-relative
  target: claude
  value: .claude/skills/cyrus/stages/04-analysis.md
  runtime: null
  scope: project
  owners:
  - .
  active_owner: .
  content_hash: sha256:8de098cfab963d0ae9d3cd72f95d0794ffe427d5a58d4730629946a503de9201
- kind: project-relative
  target: claude
  value: .claude/skills/cyrus/stages/05-claims.md
  runtime: null
  scope: project
  owners:
  - .
  active_owner: .
  content_hash: sha256:4330f3cff3d0aed94222c7d9ceb4c4e4335b7fc6b1f566fa931a13024ac15c9c
- kind: project-relative
  target: claude
  value: .claude/skills/cyrus/stages/06-facts.md
  runtime: null
  scope: project
  owners:
  - .
  active_owner: .
  content_hash: sha256:40f9227c6b3a0aed3ea2bf6c51589e7a0c97565bea0e4deab20d8b179817e594
- kind: project-relative
  target: claude
  value: .claude/skills/cyrus/stages/07-logic.md
  runtime: null
  scope: project
  owners:
  - .
  active_owner: .
  content_hash: sha256:d62b50449163848d6a3d42b5b1eba7b902ef3532d662253a373751ef5272b63d
- kind: project-relative
  target: claude
  value: .claude/skills/cyrus/stages/08-structure.md
  runtime: null
  scope: project
  owners:
  - .
  active_owner: .
  content_hash: sha256:68b753982b6f41b46eec56bd0b5efd42b487143af33fa8b95a6f6687fe69c590
- kind: project-relative
  target: claude
  value: .claude/skills/cyrus/stages/09-storyline.md
  runtime: null
  scope: project
  owners:
  - .
  active_owner: .
  content_hash: sha256:d7cff1ad3f55db2c3d94d981c9c10226bc251b5603a0fe61e2557b10b4e840e6
- kind: project-relative
  target: claude
  value: .claude/skills/cyrus/stages/10-detail.md
  runtime: null
  scope: project
  owners:
  - .
  active_owner: .
  content_hash: sha256:e700b91ef4f4134a35940517e52b9547155ed823879f4049c8edd322c9f81a54
- kind: project-relative
  target: claude
  value: .claude/skills/cyrus/stages/11-writing.md
  runtime: null
  scope: project
  owners:
  - .
  active_owner: .
  content_hash: sha256:4aa6cb29ea5303553887b5145501a0a12f1ad112a158f5966cc6e3cc27aad3a7
- kind: project-relative
  target: claude
  value: .claude/skills/cyrus/stages/12-cogload.md
  runtime: null
  scope: project
  owners:
  - .
  active_owner: .
  content_hash: sha256:d28f6f33f5e6c8cdb4aba744725e39e76eafd2c7a4aec4bc305722dfaa139bdc
- kind: project-relative
  target: claude
  value: .claude/skills/cyrus/stages/13-wording.md
  runtime: null
  scope: project
  owners:
  - .
  active_owner: .
  content_hash: sha256:e40fbf40a8b8a5642b4374cfb92f8ed6021243b8d398f3064d59ef46dcd8f37a
local_deployed_files:
- .claude/agents/cyrus-alignment-judge.md
- .claude/agents/cyrus-fact-checker.md
- .claude/agents/cyrus-lean-writer.md
- .claude/agents/cyrus-logic-planner.md
- .claude/agents/cyrus-logic-reviewer.md
- .claude/agents/cyrus-persona-reader.md
- .claude/agents/cyrus-skim-reader.md
- .claude/agents/cyrus-wording-reviewer.md
- .claude/commands/cyrus-status.md
- .claude/commands/cyrus.md
- .claude/rules/cyrus-documents.md
- .claude/skills/cyrus
- .claude/skills/cyrus/SKILL.md
- .claude/skills/cyrus/data/wording-rules.json
- .claude/skills/cyrus/references/japanese-style.md
- .claude/skills/cyrus/references/lean-modeling.md
- .claude/skills/cyrus/references/owner-principles.md
- .claude/skills/cyrus/scripts/cyrus.py
- .claude/skills/cyrus/scripts/cyruslib/__init__.py
- .claude/skills/cyrus/scripts/cyruslib/cli.py
- .claude/skills/cyrus/scripts/cyruslib/gates.py
- .claude/skills/cyrus/scripts/cyruslib/hooks.py
- .claude/skills/cyrus/scripts/cyruslib/issues.py
- .claude/skills/cyrus/scripts/cyruslib/jatext.py
- .claude/skills/cyrus/scripts/cyruslib/leancheck.py
- .claude/skills/cyrus/scripts/cyruslib/leansrc.py
- .claude/skills/cyrus/scripts/cyruslib/lint.py
- .claude/skills/cyrus/scripts/cyruslib/logicround.py
- .claude/skills/cyrus/scripts/cyruslib/mdparse.py
- .claude/skills/cyrus/scripts/cyruslib/reader.py
- .claude/skills/cyrus/scripts/cyruslib/scaffold.py
- .claude/skills/cyrus/scripts/cyruslib/skim.py
- .claude/skills/cyrus/scripts/cyruslib/terms.py
- .claude/skills/cyrus/scripts/cyruslib/visionreader.py
- .claude/skills/cyrus/scripts/cyruslib/visual.py
- .claude/skills/cyrus/scripts/cyruslib/wording.py
- .claude/skills/cyrus/scripts/cyruslib/workspace.py
- .claude/skills/cyrus/stages/01-intent.md
- .claude/skills/cyrus/stages/02-context.md
- .claude/skills/cyrus/stages/03-reader.md
- .claude/skills/cyrus/stages/04-analysis.md
- .claude/skills/cyrus/stages/05-claims.md
- .claude/skills/cyrus/stages/06-facts.md
- .claude/skills/cyrus/stages/07-logic.md
- .claude/skills/cyrus/stages/08-structure.md
- .claude/skills/cyrus/stages/09-storyline.md
- .claude/skills/cyrus/stages/10-detail.md
- .claude/skills/cyrus/stages/11-writing.md
- .claude/skills/cyrus/stages/12-cogload.md
- .claude/skills/cyrus/stages/13-wording.md
local_deployed_file_hashes:
  .claude/agents/cyrus-alignment-judge.md: sha256:2cf4baeef38d359b55c9a75fe15eb8d60c71a44dabf5f8eaaba1496e865bb0d5
  .claude/agents/cyrus-fact-checker.md: sha256:d4d0f6d273bd294335c6fdeffa5895d7ed31ce120007163fc591491adc63de6c
  .claude/agents/cyrus-lean-writer.md: sha256:377bf46393cfed49bff23d4cde97df32e66b7580bc81ea4b49a94fa207480a18
  .claude/agents/cyrus-logic-planner.md: sha256:bba18d25da91d8cc5350e5012b49341886987e13d38540a22ff5b7f2a538e3eb
  .claude/agents/cyrus-logic-reviewer.md: sha256:ac8f319c272fee762f207b7dd6374655df6015f230cf793fd841bcc2adb5763f
  .claude/agents/cyrus-persona-reader.md: sha256:78f07277bf01e9aeec29ce2677391eb802b9af1308fcd4cc2c27cef67ed921ca
  .claude/agents/cyrus-skim-reader.md: sha256:1d3eef8f0f34052956fc0c33b3b11d4c4d86d87eddf7ff84d4e2706bdd1ddbd0
  .claude/agents/cyrus-wording-reviewer.md: sha256:f575dd3cafa796f267082d76d6b33deec6c6df89c597b944bf24fa5ec5d97d89
  .claude/commands/cyrus-status.md: sha256:f0cce7658bac76dfb65f8a670c6cddac7edba572f4a2e908a1bd8b5161d824dd
  .claude/commands/cyrus.md: sha256:76d8692125100e6f56cc251927f693a0c066249342cf7a10d1d1e5777f253794
  .claude/rules/cyrus-documents.md: sha256:1d59ecb32f396354559538e38316fad96726e2462578e4ac1dff4fa335cfc7f3
  .claude/skills/cyrus/SKILL.md: sha256:99c5be950ece4c15999aafd344b8b8389adc5995b75cb6fac01e322eaaf5ea7d
  .claude/skills/cyrus/data/wording-rules.json: sha256:7783d9508e7f0f28dfa97b559cd804ce78840d7b382a84b4e84d6cc98ac1f24f
  .claude/skills/cyrus/references/japanese-style.md: sha256:0c0958422f84aa4638ec5d4f18b6d7d0610f654e82d49733492c1430741dcaeb
  .claude/skills/cyrus/references/lean-modeling.md: sha256:974a2b18a7aded906ec27f1769a3e88571cc9ba6d2343caf4f575aa40daaac02
  .claude/skills/cyrus/references/owner-principles.md: sha256:67b2558f04890283d7a51548c1129e3a77ef31144c515969ddad15d8345664b3
  .claude/skills/cyrus/scripts/cyrus.py: sha256:81d0385b82a17f0b754a5ddcd43c281d3a22bcbe056970ea756a9d7e35d00025
  .claude/skills/cyrus/scripts/cyruslib/__init__.py: sha256:cb9deaf9b915a549a45536cbf1fdd3315d0a45d18ae969d1105afeac827d31a0
  .claude/skills/cyrus/scripts/cyruslib/cli.py: sha256:871db3247bc929f62e4f113a8a00f952a09a491190643491d314076bb87151e2
  .claude/skills/cyrus/scripts/cyruslib/gates.py: sha256:7d1e0cd69275200ccdac057d22d16049e68ddcd60dc40aea49c7a053303db424
  .claude/skills/cyrus/scripts/cyruslib/hooks.py: sha256:835034fad61bd05eb7ac3e1f34ab5e21ed44786e8dedc1c08849e703c3d8285c
  .claude/skills/cyrus/scripts/cyruslib/issues.py: sha256:31964f1bb2e42f5d53501327391c4898026093f3ebb652f857169753263ba8dd
  .claude/skills/cyrus/scripts/cyruslib/jatext.py: sha256:4f667e1c17582d64776af9255b5f37067a7c92bbf986d9bfe635f7b8ca4f51f6
  .claude/skills/cyrus/scripts/cyruslib/leancheck.py: sha256:e90e36d0f3b303c0010dc8b3d6faf37c2fba6f76733aabb3a26d57ce93ad64c0
  .claude/skills/cyrus/scripts/cyruslib/leansrc.py: sha256:058e9e5039f833b02f2023f36e190604c25546f9a35b1c29fd84ecf3d3597e14
  .claude/skills/cyrus/scripts/cyruslib/lint.py: sha256:a7a578082d5ac05807a1103318738f26c0251efd6eeda5579355561f169215e2
  .claude/skills/cyrus/scripts/cyruslib/logicround.py: sha256:ba11ef09c239f4a6702ddb8c82351b1589bbaa01c9568634073a956ff28f8b2a
  .claude/skills/cyrus/scripts/cyruslib/mdparse.py: sha256:9f2510c035a3e0bab672a567fc703219470b45f6707277cafbbf111f305317ef
  .claude/skills/cyrus/scripts/cyruslib/reader.py: sha256:a0e78500f98bf05d98c15c2d02332812eb31db3ba8607dbf309a26d3d3360233
  .claude/skills/cyrus/scripts/cyruslib/scaffold.py: sha256:52155dd942a7bbb2e468d2de84d93bf3a40ab4057f9f002b949b2b35b03bfa53
  .claude/skills/cyrus/scripts/cyruslib/skim.py: sha256:8900d931cfc691df862d9fe7b3232e07ce677d6bfe9cf8135c54e0cbf1a5824a
  .claude/skills/cyrus/scripts/cyruslib/terms.py: sha256:dbd331c8f292579b1cc435be28d69aa613a9a50f750771c5d51ed7b1525f9d02
  .claude/skills/cyrus/scripts/cyruslib/visionreader.py: sha256:467c1e36307f43025d42eb36b57e868f8cb31c39091ffc92cff87fb59eb5584f
  .claude/skills/cyrus/scripts/cyruslib/visual.py: sha256:eca7442860d907b3e04211ad4f17bc65e054e71565599e54761c72ef3ce07ba4
  .claude/skills/cyrus/scripts/cyruslib/wording.py: sha256:238004bc28a1447758b35a5c194bc62a753a723b286d3becc8f62e46740c1385
  .claude/skills/cyrus/scripts/cyruslib/workspace.py: sha256:ea473f04dd04c28904b533de250d45620a48b4208495a437e19af5ae1e27382c
  .claude/skills/cyrus/stages/01-intent.md: sha256:ceaac6e85b911055cf009a103c296ff8432ae8000a0ad09f55562e11ba2b9675
  .claude/skills/cyrus/stages/02-context.md: sha256:8ded718107da464bd7c5ea22d75dc028f550f7f8f5cfd5fe26782b957f5b6462
  .claude/skills/cyrus/stages/03-reader.md: sha256:75971b29e7577d44f2c560fd6bbc6d9d7b8cea764d7792380da477e2e7051277
  .claude/skills/cyrus/stages/04-analysis.md: sha256:8de098cfab963d0ae9d3cd72f95d0794ffe427d5a58d4730629946a503de9201
  .claude/skills/cyrus/stages/05-claims.md: sha256:4330f3cff3d0aed94222c7d9ceb4c4e4335b7fc6b1f566fa931a13024ac15c9c
  .claude/skills/cyrus/stages/06-facts.md: sha256:40f9227c6b3a0aed3ea2bf6c51589e7a0c97565bea0e4deab20d8b179817e594
  .claude/skills/cyrus/stages/07-logic.md: sha256:d62b50449163848d6a3d42b5b1eba7b902ef3532d662253a373751ef5272b63d
  .claude/skills/cyrus/stages/08-structure.md: sha256:68b753982b6f41b46eec56bd0b5efd42b487143af33fa8b95a6f6687fe69c590
  .claude/skills/cyrus/stages/09-storyline.md: sha256:d7cff1ad3f55db2c3d94d981c9c10226bc251b5603a0fe61e2557b10b4e840e6
  .claude/skills/cyrus/stages/10-detail.md: sha256:e700b91ef4f4134a35940517e52b9547155ed823879f4049c8edd322c9f81a54
  .claude/skills/cyrus/stages/11-writing.md: sha256:4aa6cb29ea5303553887b5145501a0a12f1ad112a158f5966cc6e3cc27aad3a7
  .claude/skills/cyrus/stages/12-cogload.md: sha256:d28f6f33f5e6c8cdb4aba744725e39e76eafd2c7a4aec4bc305722dfaa139bdc
  .claude/skills/cyrus/stages/13-wording.md: sha256:e40fbf40a8b8a5642b4374cfb92f8ed6021243b8d398f3064d59ef46dcd8f37a
